
Microsoft Visual Studio Solution File, Format Version 12.00
# Visual Studio Version 17
VisualStudioVersion = 17.14.36414.22 d17.14
MinimumVisualStudioVersion = 10.0.40219.1
Project("{2150E333-8FDC-42A3-9474-1A3956D46DE8}") = "Task0", "Task0", "{02EA681E-C7D8-13C7-8484-4AC65E1B71E8}"
EndProject
Project("{FAE04EC0-301F-11D3-BF4B-00C04F79EFBC}") = "Tyuiu.FisherMA.Sprint3.Task0.V3", "Tyuiu.FisherMA.Sprint3.Task0.V3\Tyuiu.FisherMA.Sprint3.Task0.V3.csproj", "{4EF828DC-47A6-4AE3-BE39-F0AF35C3CAEC}"
EndProject
Project("{FAE04EC0-301F-11D3-BF4B-00C04F79EFBC}") = "Tyuiu.FisherMA.Sprint3.Task0.V3.Lib", "Tyuiu.FisherMA.Sprint3.Task0.V3.Lib\Tyuiu.FisherMA.Sprint3.Task0.V3.Lib.csproj", "{15D44813-D197-4A70-8AEE-40E21C5DBF0D}"
EndProject
Project("{FAE04EC0-301F-11D3-BF4B-00C04F79EFBC}") = "Tyuiu.FisherMA.Sprint3.Task0.V3.Test", "Tyuiu.FisherMA.Sprint3.Task0.V3.Test\Tyuiu.FisherMA.Sprint3.Task0.V3.Test.csproj", "{FCB4720E-6917-4181-8AB5-19C888AD09E2}"
EndProject
Project("{2150E333-8FDC-42A3-9474-1A3956D46DE8}") = "Task1", "Task1", "{2DFC721D-D864-471D-96AC-D336660BBCF9}"
EndProject
Project("{FAE04EC0-301F-11D3-BF4B-00C04F79EFBC}") = "Tyuiu.FisherMA.Sprint3.Task1.V22", "Tyuiu.FisherMA.Sprint3.Task1.V22\Tyuiu.FisherMA.Sprint3.Task1.V22.csproj", "{7EFC65C5-4EF3-4607-8341-810686A97ACC}"
EndProject
Project("{FAE04EC0-301F-11D3-BF4B-00C04F79EFBC}") = "Tyuiu.FisherMA.Sprint3.Task1.V22.Test", "Tyuiu.FisherMA.Sprint3.Task1.V22.Test\Tyuiu.FisherMA.Sprint3.Task1.V22.Test.csproj", "{3CB95FE8-9361-400A-9854-4463FE397F73}"
EndProject
Project("{FAE04EC0-301F-11D3-BF4B-00C04F79EFBC}") = "Tyuiu.FisherMA.Sprint3.Task1.V22.Lib", "Tyuiu.FisherMA.Sprint3.Task1.V22.Lib\Tyuiu.FisherMA.Sprint3.Task1.V22.Lib.csproj", "{DF67BA04-C3C5-4E08-8488-0E90D7BF4A05}"
EndProject
Project("{2150E333-8FDC-42A3-9474-1A3956D46DE8}") = "Task2", "Task2", "{EB4800F6-DFB0-4A5F-9007-561EDC6ADCEC}"
EndProject
Project("{FAE04EC0-301F-11D3-BF4B-00C04F79EFBC}") = "Tyuiu.FisherMA.Sprint3.Task2.V20", "Tyuiu.FisherMA.Sprint3.Task2.V20\Tyuiu.FisherMA.Sprint3.Task2.V20.csproj", "{E019DCF3-26E6-441D-AD05-A29139FB25D6}"
EndProject
Project("{FAE04EC0-301F-11D3-BF4B-00C04F79EFBC}") = "Tyuiu.FisherMA.Sprint3.Task2.V20.Lib", "Tyuiu.FisherMA.Sprint3.Task2.V20.Lib\Tyuiu.FisherMA.Sprint3.Task2.V20.Lib.csproj", "{92410F3F-A055-4985-9EBC-740EDE28DA4C}"
EndProject
Project("{FAE04EC0-301F-11D3-BF4B-00C04F79EFBC}") = "Tyuiu.FisherMA.Sprint3.Task2.V20.Test", "Tyuiu.FisherMA.Sprint3.Task2.V20.Test\Tyuiu.FisherMA.Sprint3.Task2.V20.Test.csproj", "{28ED846E-7928-4462-9B9F-9109E399D48E}"
EndProject
Project("{2150E333-8FDC-42A3-9474-1A3956D46DE8}") = "Task3", "Task3", "{E42361F8-421A-4F22-9634-59C5E18AD3DE}"
EndProject
Project("{FAE04EC0-301F-11D3-BF4B-00C04F79EFBC}") = "Tyuiu.FisherMA.Sprint3.Task3.V28", "Tyuiu.FisherMA.Sprint3.Task3.V28\Tyuiu.FisherMA.Sprint3.Task3.V28.csproj", "{9A9FBEA6-0F89-493D-839D-A795A92CDF27}"
EndProject
Project("{FAE04EC0-301F-11D3-BF4B-00C04F79EFBC}") = "Tyuiu.FisherMA.Sprint3.Task3.V28.Test", "Tyuiu.FisherMA.Sprint3.Task3.V28.Test\Tyuiu.FisherMA.Sprint3.Task3.V28.Test.csproj", "{B56117EA-61C6-47CF-9F5E-4EB9BC7742E3}"
EndProject
Project("{FAE04EC0-301F-11D3-BF4B-00C04F79EFBC}") = "Tyuiu.FisherMA.Sprint3.Task3.V28.Lib", "Tyuiu.FisherMA.Sprint3.Task3.V28.Lib\Tyuiu.FisherMA.Sprint3.Task3.V28.Lib.csproj", "{77BE18E6-B57B-44D7-A6D0-84A3945500E5}"
EndProject
Project("{2150E333-8FDC-42A3-9474-1A3956D46DE8}") = "Task4", "Task4", "{55AF58B2-F454-4A8F-9AC6-93E7C611816D}"
EndProject
Project("{FAE04EC0-301F-11D3-BF4B-00C04F79EFBC}") = "Tyuiu.FisherMA.Sprint3.Task4.V16", "Tyuiu.FisherMA.Sprint3.Task4.V16\Tyuiu.FisherMA.Sprint3.Task4.V16.csproj", "{9E74D85E-67B1-4D6C-910C-8181F9BF5203}"
EndProject
Project("{FAE04EC0-301F-11D3-BF4B-00C04F79EFBC}") = "Tyuiu.FisherMA.Sprint3.Task4.V16.Lib", "Tyuiu.FisherMA.Sprint3.Task4.V16.Lib\Tyuiu.FisherMA.Sprint3.Task4.V16.Lib.csproj", "{08A385E0-3FCB-4CDD-A21D-5EB67EB25A05}"
EndProject
Project("{FAE04EC0-301F-11D3-BF4B-00C04F79EFBC}") = "Tyuiu.FisherMA.Sprint3.Task4.V16.Test", "Tyuiu.FisherMA.Sprint3.Task4.V16.Test\Tyuiu.FisherMA.Sprint3.Task4.V16.Test.csproj", "{6F60F6C1-2A85-469B-B606-7FC0C86A3D98}"
EndProject
Project("{2150E333-8FDC-42A3-9474-1A3956D46DE8}") = "Task5", "Task5", "{F55AB003-D1A4-4829-A391-7107FEB2DFDA}"
EndProject
Project("{FAE04EC0-301F-11D3-BF4B-00C04F79EFBC}") = "Tyuiu.FisherMA.Sprint3.Task5.V30", "Tyuiu.FisherMA.Sprint3.Task5.V30\Tyuiu.FisherMA.Sprint3.Task5.V30.csproj", "{4E22E5DA-3E14-4992-8452-510F39CC812D}"
EndProject
Project("{FAE04EC0-301F-11D3-BF4B-00C04F79EFBC}") = "Tyuiu.FisherMA.Sprint3.Task5.V30.Test", "Tyuiu.FisherMA.Sprint3.Task5.V30.Test\Tyuiu.FisherMA.Sprint3.Task5.V30.Test.csproj", "{8FC1555F-DF49-4150-8F05-14C5A574AAAE}"
EndProject
Project("{FAE04EC0-301F-11D3-BF4B-00C04F79EFBC}") = "Tyuiu.FisherMA.Sprint3.Task5.V30.Lib", "Tyuiu.FisherMA.Sprint3.Task5.V30.Lib\Tyuiu.FisherMA.Sprint3.Task5.V30.Lib.csproj", "{0933EBB8-46D4-4FA5-ABC1-2D750FB10EC9}"
EndProject
Project("{2150E333-8FDC-42A3-9474-1A3956D46DE8}") = "Task6", "Task6", "{4D84907A-0771-4F4F-AFFD-4415B26B032A}"
EndProject
Project("{FAE04EC0-301F-11D3-BF4B-00C04F79EFBC}") = "Tyuiu.FisherMA.Sprint3.Task6.V15", "Tyuiu.FisherMA.Sprint3.Task6.V15\Tyuiu.FisherMA.Sprint3.Task6.V15.csproj", "{88B7B704-7B9D-4407-BA2C-DEA736AC60D4}"
EndProject
Project("{FAE04EC0-301F-11D3-BF4B-00C04F79EFBC}") = "Tyuiu.FisherMA.Sprint3.Task6.V15.Lib", "Tyuiu.FisherMA.Sprint3.Task6.V15.Lib\Tyuiu.FisherMA.Sprint3.Task6.V15.Lib.csproj", "{B79472E6-461E-43D8-8806-32E2577A6EBD}"
EndProject
Project("{FAE04EC0-301F-11D3-BF4B-00C04F79EFBC}") = "Tyuiu.FisherMA.Sprint3.Task6.V15.Test", "Tyuiu.FisherMA.Sprint3.Task6.V15.Test\Tyuiu.FisherMA.Sprint3.Task6.V15.Test.csproj", "{4A7527FC-3728-4A7F-8ACD-BFC0DEDA09BF}"
EndProject
Project("{2150E333-8FDC-42A3-9474-1A3956D46DE8}") = "Task7", "Task7", "{DDE75AC6-84BF-4F16-A9E6-6E3963DF383C}"
EndProject
Project("{FAE04EC0-301F-11D3-BF4B-00C04F79EFBC}") = "Tyuiu.FisherMA.Sprint3.Task7.V10", "Tyuiu.FisherMA.Sprint3.Task7.V10\Tyuiu.FisherMA.Sprint3.Task7.V10.csproj", "{EDE6C7C4-02BB-4EA2-A916-9AB1E54B34F7}"
EndProject
Project("{FAE04EC0-301F-11D3-BF4B-00C04F79EFBC}") = "Tyuiu.FisherMA.Sprint3.Task7.V10.Test", "Tyuiu.FisherMA.Sprint3.Task7.V10.Test\Tyuiu.FisherMA.Sprint3.Task7.V10.Test.csproj", "{10CDCAC1-4F2B-4042-8E31-FF2B0885B9C1}"
EndProject
Project("{FAE04EC0-301F-11D3-BF4B-00C04F79EFBC}") = "Tyuiu.FisherMA.Sprint3.Task7.V10.Lib", "Tyuiu.FisherMA.Sprint3.Task7.V10.Lib\Tyuiu.FisherMA.Sprint3.Task7.V10.Lib.csproj", "{4475C1AB-E145-4A94-9180-AEC3AC947264}"
EndProject
Global
	GlobalSection(SolutionConfigurationPlatforms) = preSolution
		Debug|Any CPU = Debug|Any CPU
		Release|Any CPU = Release|Any CPU
	EndGlobalSection
	GlobalSection(ProjectConfigurationPlatforms) = postSolution
		{4EF828DC-47A6-4AE3-BE39-F0AF35C3CAEC}.Debug|Any CPU.ActiveCfg = Debug|Any CPU
		{4EF828DC-47A6-4AE3-BE39-F0AF35C3CAEC}.Debug|Any CPU.Build.0 = Debug|Any CPU
		{4EF828DC-47A6-4AE3-BE39-F0AF35C3CAEC}.Release|Any CPU.ActiveCfg = Release|Any CPU
		{4EF828DC-47A6-4AE3-BE39-F0AF35C3CAEC}.Release|Any CPU.Build.0 = Release|Any CPU
		{15D44813-D197-4A70-8AEE-40E21C5DBF0D}.Debug|Any CPU.ActiveCfg = Debug|Any CPU
		{15D44813-D197-4A70-8AEE-40E21C5DBF0D}.Debug|Any CPU.Build.0 = Debug|Any CPU
		{15D44813-D197-4A70-8AEE-40E21C5DBF0D}.Release|Any CPU.ActiveCfg = Release|Any CPU
		{15D44813-D197-4A70-8AEE-40E21C5DBF0D}.Release|Any CPU.Build.0 = Release|Any CPU
		{FCB4720E-6917-4181-8AB5-19C888AD09E2}.Debug|Any CPU.ActiveCfg = Debug|Any CPU
		{FCB4720E-6917-4181-8AB5-19C888AD09E2}.Debug|Any CPU.Build.0 = Debug|Any CPU
		{FCB4720E-6917-4181-8AB5-19C888AD09E2}.Release|Any CPU.ActiveCfg = Release|Any CPU
		{FCB4720E-6917-4181-8AB5-19C888AD09E2}.Release|Any CPU.Build.0 = Release|Any CPU
		{7EFC65C5-4EF3-4607-8341-810686A97ACC}.Debug|Any CPU.ActiveCfg = Debug|Any CPU
		{7EFC65C5-4EF3-4607-8341-810686A97ACC}.Debug|Any CPU.Build.0 = Debug|Any CPU
		{7EFC65C5-4EF3-4607-8341-810686A97ACC}.Release|Any CPU.ActiveCfg = Release|Any CPU
		{7EFC65C5-4EF3-4607-8341-810686A97ACC}.Release|Any CPU.Build.0 = Release|Any CPU
		{3CB95FE8-9361-400A-9854-4463FE397F73}.Debug|Any CPU.ActiveCfg = Debug|Any CPU
		{3CB95FE8-9361-400A-9854-4463FE397F73}.Debug|Any CPU.Build.0 = Debug|Any CPU
		{3CB95FE8-9361-400A-9854-4463FE397F73}.Release|Any CPU.ActiveCfg = Release|Any CPU
		{3CB95FE8-9361-400A-9854-4463FE397F73}.Release|Any CPU.Build.0 = Release|Any CPU
		{DF67BA04-C3C5-4E08-8488-0E90D7BF4A05}.Debug|Any CPU.ActiveCfg = Debug|Any CPU
		{DF67BA04-C3C5-4E08-8488-0E90D7BF4A05}.Debug|Any CPU.Build.0 = Debug|Any CPU
		{DF67BA04-C3C5-4E08-8488-0E90D7BF4A05}.Release|Any CPU.ActiveCfg = Release|Any CPU
		{DF67BA04-C3C5-4E08-8488-0E90D7BF4A05}.Release|Any CPU.Build.0 = Release|Any CPU
		{E019DCF3-26E6-441D-AD05-A29139FB25D6}.Debug|Any CPU.ActiveCfg = Debug|Any CPU
		{E019DCF3-26E6-441D-AD05-A29139FB25D6}.Debug|Any CPU.Build.0 = Debug|Any CPU
		{E019DCF3-26E6-441D-AD05-A29139FB25D6}.Release|Any CPU.ActiveCfg = Release|Any CPU
		{E019DCF3-26E6-441D-AD05-A29139FB25D6}.Release|Any CPU.Build.0 = Release|Any CPU
		{92410F3F-A055-4985-9EBC-740EDE28DA4C}.Debug|Any CPU.ActiveCfg = Debug|Any CPU
		{92410F3F-A055-4985-9EBC-740EDE28DA4C}.Debug|Any CPU.Build.0 = Debug|Any CPU
		{92410F3F-A055-4985-9EBC-740EDE28DA4C}.Release|Any CPU.ActiveCfg = Release|Any CPU
		{92410F3F-A055-4985-9EBC-740EDE28DA4C}.Release|Any CPU.Build.0 = Release|Any CPU
		{28ED846E-7928-4462-9B9F-9109E399D48E}.Debug|Any CPU.ActiveCfg = Debug|Any CPU
		{28ED846E-7928-4462-9B9F-9109E399D48E}.Debug|Any CPU.Build.0 = Debug|Any CPU
		{28ED846E-7928-4462-9B9F-9109E399D48E}.Release|Any CPU.ActiveCfg = Release|Any CPU
		{28ED846E-7928-4462-9B9F-9109E399D48E}.Release|Any CPU.Build.0 = Release|Any CPU
		{9A9FBEA6-0F89-493D-839D-A795A92CDF27}.Debug|Any CPU.ActiveCfg = Debug|Any CPU
		{9A9FBEA6-0F89-493D-839D-A795A92CDF27}.Debug|Any CPU.Build.0 = Debug|Any CPU
		{9A9FBEA6-0F89-493D-839D-A795A92CDF27}.Release|Any CPU.ActiveCfg = Release|Any CPU
		{9A9FBEA6-0F89-493D-839D-A795A92CDF27}.Release|Any CPU.Build.0 = Release|Any CPU
		{B56117EA-61C6-47CF-9F5E-4EB9BC7742E3}.Debug|Any CPU.ActiveCfg = Debug|Any CPU
		{B56117EA-61C6-47CF-9F5E-4EB9BC7742E3}.Debug|Any CPU.Build.0 = Debug|Any CPU
		{B56117EA-61C6-47CF-9F5E-4EB9BC7742E3}.Release|Any CPU.ActiveCfg = Release|Any CPU
		{B56117EA-61C6-47CF-9F5E-4EB9BC7742E3}.Release|Any CPU.Build.0 = Release|Any CPU
		{77BE18E6-B57B-44D7-A6D0-84A3945500E5}.Debug|Any CPU.ActiveCfg = Debug|Any CPU
		{77BE18E6-B57B-44D7-A6D0-84A3945500E5}.Debug|Any CPU.Build.0 = Debug|Any CPU
		{77BE18E6-B57B-44D7-A6D0-84A3945500E5}.Release|Any CPU.ActiveCfg = Release|Any CPU
		{77BE18E6-B57B-44D7-A6D0-84A3945500E5}.Release|Any CPU.Build.0 = Release|Any CPU
		{9E74D85E-67B1-4D6C-910C-8181F9BF5203}.Debug|Any CPU.ActiveCfg = Debug|Any CPU
		{9E74D85E-67B1-4D6C-910C-8181F9BF5203}.Debug|Any CPU.Build.0 = Debug|Any CPU
		{9E74D85E-67B1-4D6C-910C-8181F9BF5203}.Release|Any CPU.ActiveCfg = Release|Any CPU
		{9E74D85E-67B1-4D6C-910C-8181F9BF5203}.Release|Any CPU.Build.0 = Release|Any CPU
		{08A385E0-3FCB-4CDD-A21D-5EB67EB25A05}.Debug|Any CPU.ActiveCfg = Debug|Any CPU
		{08A385E0-3FCB-4CDD-A21D-5EB67EB25A05}.Debug|Any CPU.Build.0 = Debug|Any CPU
		{08A385E0-3FCB-4CDD-A21D-5EB67EB25A05}.Release|Any CPU.ActiveCfg = Release|Any CPU
		{08A385E0-3FCB-4CDD-A21D-5EB67EB25A05}.Release|Any CPU.Build.0 = Release|Any CPU
		{6F60F6C1-2A85-469B-B606-7FC0C86A3D98}.Debug|Any CPU.ActiveCfg = Debug|Any CPU
		{6F60F6C1-2A85-469B-B606-7FC0C86A3D98}.Debug|Any CPU.Build.0 = Debug|Any CPU
		{6F60F6C1-2A85-469B-B606-7FC0C86A3D98}.Release|Any CPU.ActiveCfg = Release|Any CPU
		{6F60F6C1-2A85-469B-B606-7FC0C86A3D98}.Release|Any CPU.Build.0 = Release|Any CPU
		{4E22E5DA-3E14-4992-8452-510F39CC812D}.Debug|Any CPU.ActiveCfg = Debug|Any CPU
		{4E22E5DA-3E14-4992-8452-510F39CC812D}.Debug|Any CPU.Build.0 = Debug|Any CPU
		{4E22E5DA-3E14-4992-8452-510F39CC812D}.Release|Any CPU.ActiveCfg = Release|Any CPU
		{4E22E5DA-3E14-4992-8452-510F39CC812D}.Release|Any CPU.Build.0 = Release|Any CPU
		{8FC1555F-DF49-4150-8F05-14C5A574AAAE}.Debug|Any CPU.ActiveCfg = Debug|Any CPU
		{8FC1555F-DF49-4150-8F05-14C5A574AAAE}.Debug|Any CPU.Build.0 = Debug|Any CPU
		{8FC1555F-DF49-4150-8F05-14C5A574AAAE}.Release|Any CPU.ActiveCfg = Release|Any CPU
		{8FC1555F-DF49-4150-8F05-14C5A574AAAE}.Release|Any CPU.Build.0 = Release|Any CPU
		{0933EBB8-46D4-4FA5-ABC1-2D750FB10EC9}.Debug|Any CPU.ActiveCfg = Debug|Any CPU
		{0933EBB8-46D4-4FA5-ABC1-2D750FB10EC9}.Debug|Any CPU.Build.0 = Debug|Any CPU
		{0933EBB8-46D4-4FA5-ABC1-2D750FB10EC9}.Release|Any CPU.ActiveCfg = Release|Any CPU
		{0933EBB8-46D4-4FA5-ABC1-2D750FB10EC9}.Release|Any CPU.Build.0 = Release|Any CPU
		{88B7B704-7B9D-4407-BA2C-DEA736AC60D4}.Debug|Any CPU.ActiveCfg = Debug|Any CPU
		{88B7B704-7B9D-4407-BA2C-DEA736AC60D4}.Debug|Any CPU.Build.0 = Debug|Any CPU
		{88B7B704-7B9D-4407-BA2C-DEA736AC60D4}.Release|Any CPU.ActiveCfg = Release|Any CPU
		{88B7B704-7B9D-4407-BA2C-DEA736AC60D4}.Release|Any CPU.Build.0 = Release|Any CPU
		{B79472E6-461E-43D8-8806-32E2577A6EBD}.Debug|Any CPU.ActiveCfg = Debug|Any CPU
		{B79472E6-461E-43D8-8806-32E2577A6EBD}.Debug|Any CPU.Build.0 = Debug|Any CPU
		{B79472E6-461E-43D8-8806-32E2577A6EBD}.Release|Any CPU.ActiveCfg = Release|Any CPU
		{B79472E6-461E-43D8-8806-32E2577A6EBD}.Release|Any CPU.Build.0 = Release|Any CPU
		{4A7527FC-3728-4A7F-8ACD-BFC0DEDA09BF}.Debug|Any CPU.ActiveCfg = Debug|Any CPU
		{4A7527FC-3728-4A7F-8ACD-BFC0DEDA09BF}.Debug|Any CPU.Build.0 = Debug|Any CPU
		{4A7527FC-3728-4A7F-8ACD-BFC0DEDA09BF}.Release|Any CPU.ActiveCfg = Release|Any CPU
		{4A7527FC-3728-4A7F-8ACD-BFC0DEDA09BF}.Release|Any CPU.Build.0 = Release|Any CPU
		{EDE6C7C4-02BB-4EA2-A916-9AB1E54B34F7}.Debug|Any CPU.ActiveCfg = Debug|Any CPU
		{EDE6C7C4-02BB-4EA2-A916-9AB1E54B34F7}.Debug|Any CPU.Build.0 = Debug|Any CPU
		{EDE6C7C4-02BB-4EA2-A916-9AB1E54B34F7}.Release|Any CPU.ActiveCfg = Release|Any CPU
		{EDE6C7C4-02BB-4EA2-A916-9AB1E54B34F7}.Release|Any CPU.Build.0 = Release|Any CPU
		{10CDCAC1-4F2B-4042-8E31-FF2B0885B9C1}.Debug|Any CPU.ActiveCfg = Debug|Any CPU
		{10CDCAC1-4F2B-4042-8E31-FF2B0885B9C1}.Debug|Any CPU.Build.0 = Debug|Any CPU
		{10CDCAC1-4F2B-4042-8E31-FF2B0885B9C1}.Release|Any CPU.ActiveCfg = Release|Any CPU
		{10CDCAC1-4F2B-4042-8E31-FF2B0885B9C1}.Release|Any CPU.Build.0 = Release|Any CPU
		{4475C1AB-E145-4A94-9180-AEC3AC947264}.Debug|Any CPU.ActiveCfg = Debug|Any CPU
		{4475C1AB-E145-4A94-9180-AEC3AC947264}.Debug|Any CPU.Build.0 = Debug|Any CPU
		{4475C1AB-E145-4A94-9180-AEC3AC947264}.Release|Any CPU.ActiveCfg = Release|Any CPU
		{4475C1AB-E145-4A94-9180-AEC3AC947264}.Release|Any CPU.Build.0 = Release|Any CPU
	EndGlobalSection
	GlobalSection(SolutionProperties) = preSolution
		HideSolutionNode = FALSE
	EndGlobalSection
	GlobalSection(NestedProjects) = preSolution
		{4EF828DC-47A6-4AE3-BE39-F0AF35C3CAEC} = {02EA681E-C7D8-13C7-8484-4AC65E1B71E8}
		{15D44813-D197-4A70-8AEE-40E21C5DBF0D} = {02EA681E-C7D8-13C7-8484-4AC65E1B71E8}
		{FCB4720E-6917-4181-8AB5-19C888AD09E2} = {02EA681E-C7D8-13C7-8484-4AC65E1B71E8}
		{7EFC65C5-4EF3-4607-8341-810686A97ACC} = {2DFC721D-D864-471D-96AC-D336660BBCF9}
		{3CB95FE8-9361-400A-9854-4463FE397F73} = {2DFC721D-D864-471D-96AC-D336660BBCF9}
		{DF67BA04-C3C5-4E08-8488-0E90D7BF4A05} = {2DFC721D-D864-471D-96AC-D336660BBCF9}
		{E019DCF3-26E6-441D-AD05-A29139FB25D6} = {EB4800F6-DFB0-4A5F-9007-561EDC6ADCEC}
		{92410F3F-A055-4985-9EBC-740EDE28DA4C} = {EB4800F6-DFB0-4A5F-9007-561EDC6ADCEC}
		{28ED846E-7928-4462-9B9F-9109E399D48E} = {EB4800F6-DFB0-4A5F-9007-561EDC6ADCEC}
		{9A9FBEA6-0F89-493D-839D-A795A92CDF27} = {E42361F8-421A-4F22-9634-59C5E18AD3DE}
		{B56117EA-61C6-47CF-9F5E-4EB9BC7742E3} = {E42361F8-421A-4F22-9634-59C5E18AD3DE}
		{77BE18E6-B57B-44D7-A6D0-84A3945500E5} = {E42361F8-421A-4F22-9634-59C5E18AD3DE}
		{9E74D85E-67B1-4D6C-910C-8181F9BF5203} = {55AF58B2-F454-4A8F-9AC6-93E7C611816D}
		{08A385E0-3FCB-4CDD-A21D-5EB67EB25A05} = {55AF58B2-F454-4A8F-9AC6-93E7C611816D}
		{6F60F6C1-2A85-469B-B606-7FC0C86A3D98} = {55AF58B2-F454-4A8F-9AC6-93E7C611816D}
		{4E22E5DA-3E14-4992-8452-510F39CC812D} = {F55AB003-D1A4-4829-A391-7107FEB2DFDA}
		{8FC1555F-DF49-4150-8F05-14C5A574AAAE} = {F55AB003-D1A4-4829-A391-7107FEB2DFDA}
		{0933EBB8-46D4-4FA5-ABC1-2D750FB10EC9} = {F55AB003-D1A4-4829-A391-7107FEB2DFDA}
		{88B7B704-7B9D-4407-BA2C-DEA736AC60D4} = {4D84907A-0771-4F4F-AFFD-4415B26B032A}
		{B79472E6-461E-43D8-8806-32E2577A6EBD} = {4D84907A-0771-4F4F-AFFD-4415B26B032A}
		{4A7527FC-3728-4A7F-8ACD-BFC0DEDA09BF} = {4D84907A-0771-4F4F-AFFD-4415B26B032A}
		{EDE6C7C4-02BB-4EA2-A916-9AB1E54B34F7} = {DDE75AC6-84BF-4F16-A9E6-6E3963DF383C}
		{10CDCAC1-4F2B-4042-8E31-FF2B0885B9C1} = {DDE75AC6-84BF-4F16-A9E6-6E3963DF383C}
		{4475C1AB-E145-4A94-9180-AEC3AC947264} = {DDE75AC6-84BF-4F16-A9E6-6E3963DF383C}
	EndGlobalSection
	GlobalSection(ExtensibilityGlobals) = postSolution
		SolutionGuid = {FAB245A0-508A-48BD-AD42-CC230BE48305}
	EndGlobalSection
EndGlobal
