
Microsoft Visual Studio Solution File, Format Version 12.00
# Visual Studio Version 17
VisualStudioVersion = 17.14.36414.22 d17.14
MinimumVisualStudioVersion = 10.0.40219.1
Project("{2150E333-8FDC-42A3-9474-1A3956D46DE8}") = "Task0", "Task0", "{02EA681E-C7D8-13C7-8484-4AC65E1B71E8}"
EndProject
Project("{FAE04EC0-301F-11D3-BF4B-00C04F79EFBC}") = "Tyuiu.FisherMA.Sprint3.Task0.V3", "Tyuiu.FisherMA.Sprint3.Task0.V3\Tyuiu.FisherMA.Sprint3.Task0.V3.csproj", "{4EF828DC-47A6-4AE3-BE39-F0AF35C3CAEC}"
EndProject
Project("{FAE04EC0-301F-11D3-BF4B-00C04F79EFBC}") = "Tyuiu.FisherMA.Sprint3.Task0.V3.Lib", "Tyuiu.FisherMA.Sprint3.Task0.V3.Lib\Tyuiu.FisherMA.Sprint3.Task0.V3.Lib.csproj", "{15D44813-D197-4A70-8AEE-40E21C5DBF0D}"
EndProject
Project("{FAE04EC0-301F-11D3-BF4B-00C04F79EFBC}") = "Tyuiu.FisherMA.Sprint3.Task0.V3.Test", "Tyuiu.FisherMA.Sprint3.Task0.V3.Test\Tyuiu.FisherMA.Sprint3.Task0.V3.Test.csproj", "{FCB4720E-6917-4181-8AB5-19C888AD09E2}"
EndProject
Project("{2150E333-8FDC-42A3-9474-1A3956D46DE8}") = "Task1", "Task1", "{2DFC721D-D864-471D-96AC-D336660BBCF9}"
EndProject
Project("{FAE04EC0-301F-11D3-BF4B-00C04F79EFBC}") = "Tyuiu.FisherMA.Sprint3.Task1.V22", "Tyuiu.FisherMA.Sprint3.Task1.V22\Tyuiu.FisherMA.Sprint3.Task1.V22.csproj", "{7EFC65C5-4EF3-4607-8341-810686A97ACC}"
EndProject
Project("{FAE04EC0-301F-11D3-BF4B-00C04F79EFBC}") = "Tyuiu.FisherMA.Sprint3.Task1.V22.Test", "Tyuiu.FisherMA.Sprint3.Task1.V22.Test\Tyuiu.FisherMA.Sprint3.Task1.V22.Test.csproj", "{3CB95FE8-9361-400A-9854-4463FE397F73}"
EndProject
Project("{FAE04EC0-301F-11D3-BF4B-00C04F79EFBC}") = "Tyuiu.FisherMA.Sprint3.Task1.V22.Lib", "Tyuiu.FisherMA.Sprint3.Task1.V22.Lib\Tyuiu.FisherMA.Sprint3.Task1.V22.Lib.csproj", "{DF67BA04-C3C5-4E08-8488-0E90D7BF4A05}"
EndProject
Project("{2150E333-8FDC-42A3-9474-1A3956D46DE8}") = "Task2", "Task2", "{EB4800F6-DFB0-4A5F-9007-561EDC6ADCEC}"
EndProject
Project("{FAE04EC0-301F-11D3-BF4B-00C04F79EFBC}") = "Tyuiu.FisherMA.Sprint3.Task2.V20", "Tyuiu.FisherMA.Sprint3.Task2.V20\Tyuiu.FisherMA.Sprint3.Task2.V20.csproj", "{E019DCF3-26E6-441D-AD05-A29139FB25D6}"
EndProject
Project("{FAE04EC0-301F-11D3-BF4B-00C04F79EFBC}") = "Tyuiu.FisherMA.Sprint3.Task2.V20.Lib", "Tyuiu.FisherMA.Sprint3.Task2.V20.Lib\Tyuiu.FisherMA.Sprint3.Task2.V20.Lib.csproj", "{92410F3F-A055-4985-9EBC-740EDE28DA4C}"
EndProject
Project("{FAE04EC0-301F-11D3-BF4B-00C04F79EFBC}") = "Tyuiu.FisherMA.Sprint3.Task2.V20.Test", "Tyuiu.FisherMA.Sprint3.Task2.V20.Test\Tyuiu.FisherMA.Sprint3.Task2.V20.Test.csproj", "{28ED846E-7928-4462-9B9F-9109E399D48E}"
EndProject
Global
	GlobalSection(SolutionConfigurationPlatforms) = preSolution
		Debug|Any CPU = Debug|Any CPU
		Release|Any CPU = Release|Any CPU
	EndGlobalSection
	GlobalSection(ProjectConfigurationPlatforms) = postSolution
		{4EF828DC-47A6-4AE3-BE39-F0AF35C3CAEC}.Debug|Any CPU.ActiveCfg = Debug|Any CPU
		{4EF828DC-47A6-4AE3-BE39-F0AF35C3CAEC}.Debug|Any CPU.Build.0 = Debug|Any CPU
		{4EF828DC-47A6-4AE3-BE39-F0AF35C3CAEC}.Release|Any CPU.ActiveCfg = Release|Any CPU
		{4EF828DC-47A6-4AE3-BE39-F0AF35C3CAEC}.Release|Any CPU.Build.0 = Release|Any CPU
		{15D44813-D197-4A70-8AEE-40E21C5DBF0D}.Debug|Any CPU.ActiveCfg = Debug|Any CPU
		{15D44813-D197-4A70-8AEE-40E21C5DBF0D}.Debug|Any CPU.Build.0 = Debug|Any CPU
		{15D44813-D197-4A70-8AEE-40E21C5DBF0D}.Release|Any CPU.ActiveCfg = Release|Any CPU
		{15D44813-D197-4A70-8AEE-40E21C5DBF0D}.Release|Any CPU.Build.0 = Release|Any CPU
		{FCB4720E-6917-4181-8AB5-19C888AD09E2}.Debug|Any CPU.ActiveCfg = Debug|Any CPU
		{FCB4720E-6917-4181-8AB5-19C888AD09E2}.Debug|Any CPU.Build.0 = Debug|Any CPU
		{FCB4720E-6917-4181-8AB5-19C888AD09E2}.Release|Any CPU.ActiveCfg = Release|Any CPU
		{FCB4720E-6917-4181-8AB5-19C888AD09E2}.Release|Any CPU.Build.0 = Release|Any CPU
		{7EFC65C5-4EF3-4607-8341-810686A97ACC}.Debug|Any CPU.ActiveCfg = Debug|Any CPU
		{7EFC65C5-4EF3-4607-8341-810686A97ACC}.Debug|Any CPU.Build.0 = Debug|Any CPU
		{7EFC65C5-4EF3-4607-8341-810686A97ACC}.Release|Any CPU.ActiveCfg = Release|Any CPU
		{7EFC65C5-4EF3-4607-8341-810686A97ACC}.Release|Any CPU.Build.0 = Release|Any CPU
		{3CB95FE8-9361-400A-9854-4463FE397F73}.Debug|Any CPU.ActiveCfg = Debug|Any CPU
		{3CB95FE8-9361-400A-9854-4463FE397F73}.Debug|Any CPU.Build.0 = Debug|Any CPU
		{3CB95FE8-9361-400A-9854-4463FE397F73}.Release|Any CPU.ActiveCfg = Release|Any CPU
		{3CB95FE8-9361-400A-9854-4463FE397F73}.Release|Any CPU.Build.0 = Release|Any CPU
		{DF67BA04-C3C5-4E08-8488-0E90D7BF4A05}.Debug|Any CPU.ActiveCfg = Debug|Any CPU
		{DF67BA04-C3C5-4E08-8488-0E90D7BF4A05}.Debug|Any CPU.Build.0 = Debug|Any CPU
		{DF67BA04-C3C5-4E08-8488-0E90D7BF4A05}.Release|Any CPU.ActiveCfg = Release|Any CPU
		{DF67BA04-C3C5-4E08-8488-0E90D7BF4A05}.Release|Any CPU.Build.0 = Release|Any CPU
		{E019DCF3-26E6-441D-AD05-A29139FB25D6}.Debug|Any CPU.ActiveCfg = Debug|Any CPU
		{E019DCF3-26E6-441D-AD05-A29139FB25D6}.Debug|Any CPU.Build.0 = Debug|Any CPU
		{E019DCF3-26E6-441D-AD05-A29139FB25D6}.Release|Any CPU.ActiveCfg = Release|Any CPU
		{E019DCF3-26E6-441D-AD05-A29139FB25D6}.Release|Any CPU.Build.0 = Release|Any CPU
		{92410F3F-A055-4985-9EBC-740EDE28DA4C}.Debug|Any CPU.ActiveCfg = Debug|Any CPU
		{92410F3F-A055-4985-9EBC-740EDE28DA4C}.Debug|Any CPU.Build.0 = Debug|Any CPU
		{92410F3F-A055-4985-9EBC-740EDE28DA4C}.Release|Any CPU.ActiveCfg = Release|Any CPU
		{92410F3F-A055-4985-9EBC-740EDE28DA4C}.Release|Any CPU.Build.0 = Release|Any CPU
		{28ED846E-7928-4462-9B9F-9109E399D48E}.Debug|Any CPU.ActiveCfg = Debug|Any CPU
		{28ED846E-7928-4462-9B9F-9109E399D48E}.Debug|Any CPU.Build.0 = Debug|Any CPU
		{28ED846E-7928-4462-9B9F-9109E399D48E}.Release|Any CPU.ActiveCfg = Release|Any CPU
		{28ED846E-7928-4462-9B9F-9109E399D48E}.Release|Any CPU.Build.0 = Release|Any CPU
	EndGlobalSection
	GlobalSection(SolutionProperties) = preSolution
		HideSolutionNode = FALSE
	EndGlobalSection
	GlobalSection(NestedProjects) = preSolution
		{4EF828DC-47A6-4AE3-BE39-F0AF35C3CAEC} = {02EA681E-C7D8-13C7-8484-4AC65E1B71E8}
		{15D44813-D197-4A70-8AEE-40E21C5DBF0D} = {02EA681E-C7D8-13C7-8484-4AC65E1B71E8}
		{FCB4720E-6917-4181-8AB5-19C888AD09E2} = {02EA681E-C7D8-13C7-8484-4AC65E1B71E8}
		{7EFC65C5-4EF3-4607-8341-810686A97ACC} = {2DFC721D-D864-471D-96AC-D336660BBCF9}
		{3CB95FE8-9361-400A-9854-4463FE397F73} = {2DFC721D-D864-471D-96AC-D336660BBCF9}
		{DF67BA04-C3C5-4E08-8488-0E90D7BF4A05} = {2DFC721D-D864-471D-96AC-D336660BBCF9}
		{E019DCF3-26E6-441D-AD05-A29139FB25D6} = {EB4800F6-DFB0-4A5F-9007-561EDC6ADCEC}
		{92410F3F-A055-4985-9EBC-740EDE28DA4C} = {EB4800F6-DFB0-4A5F-9007-561EDC6ADCEC}
		{28ED846E-7928-4462-9B9F-9109E399D48E} = {EB4800F6-DFB0-4A5F-9007-561EDC6ADCEC}
	EndGlobalSection
	GlobalSection(ExtensibilityGlobals) = postSolution
		SolutionGuid = {FAB245A0-508A-48BD-AD42-CC230BE48305}
	EndGlobalSection
EndGlobal
